
Microsoft Visual Studio Solution File, Format Version 12.00
# Visual Studio Version 17
VisualStudioVersion = 17.0.32126.317
MinimumVisualStudioVersion = 10.0.40219.1
Project("{FAE04EC0-301F-11D3-BF4B-00C04F79EFBC}") = "KokorinYan", "KokorinYan\KokorinYan.csproj", "{BEC42770-CB63-46AB-BCE3-AFC5635680CB}"
EndProject
Global
	GlobalSection(SolutionConfigurationPlatforms) = preSolution
		Debug|Any CPU = Debug|Any CPU
		Release|Any CPU = Release|Any CPU
	EndGlobalSection
	GlobalSection(ProjectConfigurationPlatforms) = postSolution
		{BEC42770-CB63-46AB-BCE3-AFC5635680CB}.Debug|Any CPU.ActiveCfg = Debug|Any CPU
		{BEC42770-CB63-46AB-BCE3-AFC5635680CB}.Debug|Any CPU.Build.0 = Debug|Any CPU
		{BEC42770-CB63-46AB-BCE3-AFC5635680CB}.Release|Any CPU.ActiveCfg = Release|Any CPU
		{BEC42770-CB63-46AB-BCE3-AFC5635680CB}.Release|Any CPU.Build.0 = Release|Any CPU
	EndGlobalSection
	GlobalSection(SolutionProperties) = preSolution
		HideSolutionNode = FALSE
	EndGlobalSection
	GlobalSection(ExtensibilityGlobals) = postSolution
		SolutionGuid = {97C9E593-3BCC-46F9-9C2B-B32E203FED6E}
	EndGlobalSection
EndGlobal
